
Microsoft Visual Studio Solution File, Format Version 12.00
# Visual Studio Version 17
VisualStudioVersion = 17.0.32112.339
MinimumVisualStudioVersion = 10.0.40219.1
Project("{FAE04EC0-301F-11D3-BF4B-00C04F79EFBC}") = "Dockert", "Dockert\Dockert.csproj", "{BCAD41FD-A384-43D3-8C22-865FD34418A9}"
EndProject
Project("{FAE04EC0-301F-11D3-BF4B-00C04F79EFBC}") = "IntegrationTests", "IntegrationTests\IntegrationTests.csproj", "{98037A5D-AA8E-4944-B71E-AD500876EF4A}"
EndProject
Global
	GlobalSection(SolutionConfigurationPlatforms) = preSolution
		Debug|Any CPU = Debug|Any CPU
		Release|Any CPU = Release|Any CPU
	EndGlobalSection
	GlobalSection(ProjectConfigurationPlatforms) = postSolution
		{BCAD41FD-A384-43D3-8C22-865FD34418A9}.Debug|Any CPU.ActiveCfg = Debug|Any CPU
		{BCAD41FD-A384-43D3-8C22-865FD34418A9}.Debug|Any CPU.Build.0 = Debug|Any CPU
		{BCAD41FD-A384-43D3-8C22-865FD34418A9}.Release|Any CPU.ActiveCfg = Release|Any CPU
		{BCAD41FD-A384-43D3-8C22-865FD34418A9}.Release|Any CPU.Build.0 = Release|Any CPU
		{98037A5D-AA8E-4944-B71E-AD500876EF4A}.Debug|Any CPU.ActiveCfg = Debug|Any CPU
		{98037A5D-AA8E-4944-B71E-AD500876EF4A}.Debug|Any CPU.Build.0 = Debug|Any CPU
		{98037A5D-AA8E-4944-B71E-AD500876EF4A}.Release|Any CPU.ActiveCfg = Release|Any CPU
		{98037A5D-AA8E-4944-B71E-AD500876EF4A}.Release|Any CPU.Build.0 = Release|Any CPU
	EndGlobalSection
	GlobalSection(SolutionProperties) = preSolution
		HideSolutionNode = FALSE
	EndGlobalSection
	GlobalSection(ExtensibilityGlobals) = postSolution
		SolutionGuid = {3D8E7FCA-6FB2-48A7-8B7E-4B1485595FAC}
	EndGlobalSection
EndGlobal
